
Microsoft Visual Studio Solution File, Format Version 12.00
# Visual Studio Version 17
VisualStudioVersion = 17.14.36327.8 d17.14
MinimumVisualStudioVersion = 10.0.40219.1
Project("{FAE04EC0-301F-11D3-BF4B-00C04F79EFBC}") = "ContactAPI", "ContactAPI.csproj", "{3641BAF5-BE47-492A-8324-46A0452C7B13}"
EndProject
Global
	GlobalSection(SolutionConfigurationPlatforms) = preSolution
		Debug|Any CPU = Debug|Any CPU
		Release|Any CPU = Release|Any CPU
	EndGlobalSection
	GlobalSection(ProjectConfigurationPlatforms) = postSolution
		{3641BAF5-BE47-492A-8324-46A0452C7B13}.Debug|Any CPU.ActiveCfg = Debug|Any CPU
		{3641BAF5-BE47-492A-8324-46A0452C7B13}.Debug|Any CPU.Build.0 = Debug|Any CPU
		{3641BAF5-BE47-492A-8324-46A0452C7B13}.Release|Any CPU.ActiveCfg = Release|Any CPU
		{3641BAF5-BE47-492A-8324-46A0452C7B13}.Release|Any CPU.Build.0 = Release|Any CPU
	EndGlobalSection
	GlobalSection(SolutionProperties) = preSolution
		HideSolutionNode = FALSE
	EndGlobalSection
	GlobalSection(ExtensibilityGlobals) = postSolution
		SolutionGuid = {99E709F5-7025-4250-AF00-6EE072B102F2}
	EndGlobalSection
EndGlobal
